
Microsoft Visual Studio Solution File, Format Version 12.00
# Visual Studio Version 16
VisualStudioVersion = 16.0.29911.84
MinimumVisualStudioVersion = 10.0.40219.1
Project("{778DAE3C-4631-46EA-AA77-85C1314464D9}") = "ejercicios", "ejercicios\ejercicios.vbproj", "{A8BBA1C5-92FB-4277-B765-E1A63678C0BA}"
EndProject
Project("{778DAE3C-4631-46EA-AA77-85C1314464D9}") = "ciudades", "ciudades\ciudades.vbproj", "{745E5B5E-C391-43A2-BFFB-A112987A66D0}"
EndProject
Project("{F184B08F-C81C-45F6-A57F-5ABD9991F28F}") = "fibonacci", "fibonacci\fibonacci.vbproj", "{4245C153-CDBD-4916-90C8-401962A1D441}"
EndProject
Project("{F184B08F-C81C-45F6-A57F-5ABD9991F28F}") = "primos", "primos\primos.vbproj", "{6E638EC4-BB39-4B63-BE18-A611F3B13EA6}"
EndProject
Global
	GlobalSection(SolutionConfigurationPlatforms) = preSolution
		Debug|Any CPU = Debug|Any CPU
		Release|Any CPU = Release|Any CPU
	EndGlobalSection
	GlobalSection(ProjectConfigurationPlatforms) = postSolution
		{A8BBA1C5-92FB-4277-B765-E1A63678C0BA}.Debug|Any CPU.ActiveCfg = Debug|Any CPU
		{A8BBA1C5-92FB-4277-B765-E1A63678C0BA}.Debug|Any CPU.Build.0 = Debug|Any CPU
		{A8BBA1C5-92FB-4277-B765-E1A63678C0BA}.Release|Any CPU.ActiveCfg = Release|Any CPU
		{A8BBA1C5-92FB-4277-B765-E1A63678C0BA}.Release|Any CPU.Build.0 = Release|Any CPU
		{745E5B5E-C391-43A2-BFFB-A112987A66D0}.Debug|Any CPU.ActiveCfg = Debug|Any CPU
		{745E5B5E-C391-43A2-BFFB-A112987A66D0}.Debug|Any CPU.Build.0 = Debug|Any CPU
		{745E5B5E-C391-43A2-BFFB-A112987A66D0}.Release|Any CPU.ActiveCfg = Release|Any CPU
		{745E5B5E-C391-43A2-BFFB-A112987A66D0}.Release|Any CPU.Build.0 = Release|Any CPU
		{4245C153-CDBD-4916-90C8-401962A1D441}.Debug|Any CPU.ActiveCfg = Debug|Any CPU
		{4245C153-CDBD-4916-90C8-401962A1D441}.Debug|Any CPU.Build.0 = Debug|Any CPU
		{4245C153-CDBD-4916-90C8-401962A1D441}.Release|Any CPU.ActiveCfg = Release|Any CPU
		{4245C153-CDBD-4916-90C8-401962A1D441}.Release|Any CPU.Build.0 = Release|Any CPU
		{6E638EC4-BB39-4B63-BE18-A611F3B13EA6}.Debug|Any CPU.ActiveCfg = Debug|Any CPU
		{6E638EC4-BB39-4B63-BE18-A611F3B13EA6}.Debug|Any CPU.Build.0 = Debug|Any CPU
		{6E638EC4-BB39-4B63-BE18-A611F3B13EA6}.Release|Any CPU.ActiveCfg = Release|Any CPU
		{6E638EC4-BB39-4B63-BE18-A611F3B13EA6}.Release|Any CPU.Build.0 = Release|Any CPU
	EndGlobalSection
	GlobalSection(SolutionProperties) = preSolution
		HideSolutionNode = FALSE
	EndGlobalSection
	GlobalSection(ExtensibilityGlobals) = postSolution
		SolutionGuid = {691DFC70-ADDF-4BCE-81C0-5E8F33059007}
	EndGlobalSection
EndGlobal
